
Microsoft Visual Studio Solution File, Format Version 12.00
# Visual Studio Version 17
VisualStudioVersion = 17.9.34902.65
MinimumVisualStudioVersion = 10.0.40219.1
Project("{9A19103F-16F7-4668-BE54-9A1E7A4F7556}") = "RandomIdle", "RandomIdle.csproj", "{0B59B715-EC25-4D23-B4CE-0C2AED8F93D4}"
EndProject
Project("{9A19103F-16F7-4668-BE54-9A1E7A4F7556}") = "Monogame.ImGuiNet", "MonoGame.ImGuiNet\MonoGame.ImGuiNet\Monogame.ImGuiNet.csproj", "{F593F596-F1AA-4140-BE84-2DE67B4536AA}"
EndProject
Global
	GlobalSection(SolutionConfigurationPlatforms) = preSolution
		Debug|Any CPU = Debug|Any CPU
		Release|Any CPU = Release|Any CPU
	EndGlobalSection
	GlobalSection(ProjectConfigurationPlatforms) = postSolution
		{0B59B715-EC25-4D23-B4CE-0C2AED8F93D4}.Debug|Any CPU.ActiveCfg = Debug|Any CPU
		{0B59B715-EC25-4D23-B4CE-0C2AED8F93D4}.Debug|Any CPU.Build.0 = Debug|Any CPU
		{0B59B715-EC25-4D23-B4CE-0C2AED8F93D4}.Release|Any CPU.ActiveCfg = Release|Any CPU
		{0B59B715-EC25-4D23-B4CE-0C2AED8F93D4}.Release|Any CPU.Build.0 = Release|Any CPU
		{F593F596-F1AA-4140-BE84-2DE67B4536AA}.Debug|Any CPU.ActiveCfg = Debug|Any CPU
		{F593F596-F1AA-4140-BE84-2DE67B4536AA}.Debug|Any CPU.Build.0 = Debug|Any CPU
		{F593F596-F1AA-4140-BE84-2DE67B4536AA}.Release|Any CPU.ActiveCfg = Release|Any CPU
		{F593F596-F1AA-4140-BE84-2DE67B4536AA}.Release|Any CPU.Build.0 = Release|Any CPU
	EndGlobalSection
	GlobalSection(SolutionProperties) = preSolution
		HideSolutionNode = FALSE
	EndGlobalSection
	GlobalSection(ExtensibilityGlobals) = postSolution
		SolutionGuid = {8BD1D417-0C37-428C-86F2-E30A78D0BA12}
	EndGlobalSection
EndGlobal
